
Microsoft Visual Studio Solution File, Format Version 12.00
# Visual Studio Version 17
VisualStudioVersion = 17.5.002.0
MinimumVisualStudioVersion = 10.0.40219.1
Project("{9A19103F-16F7-4668-BE54-9A1E7A4F7556}") = "auth-svc", "auth-svc.csproj", "{6C7C4A4F-531E-4AD0-95F3-96772A81B274}"
EndProject
Global
	GlobalSection(SolutionConfigurationPlatforms) = preSolution
		Debug|Any CPU = Debug|Any CPU
		Release|Any CPU = Release|Any CPU
	EndGlobalSection
	GlobalSection(ProjectConfigurationPlatforms) = postSolution
		{6C7C4A4F-531E-4AD0-95F3-96772A81B274}.Debug|Any CPU.ActiveCfg = Debug|Any CPU
		{6C7C4A4F-531E-4AD0-95F3-96772A81B274}.Debug|Any CPU.Build.0 = Debug|Any CPU
		{6C7C4A4F-531E-4AD0-95F3-96772A81B274}.Release|Any CPU.ActiveCfg = Release|Any CPU
		{6C7C4A4F-531E-4AD0-95F3-96772A81B274}.Release|Any CPU.Build.0 = Release|Any CPU
	EndGlobalSection
	GlobalSection(SolutionProperties) = preSolution
		HideSolutionNode = FALSE
	EndGlobalSection
	GlobalSection(ExtensibilityGlobals) = postSolution
		SolutionGuid = {F4C03F71-2763-49DB-BB12-7453FFAC1A4C}
	EndGlobalSection
EndGlobal
